
Microsoft Visual Studio Solution File, Format Version 12.00
# Visual Studio Version 17
VisualStudioVersion = 17.8.34322.80
MinimumVisualStudioVersion = 10.0.40219.1
Project("{9A19103F-16F7-4668-BE54-9A1E7A4F7556}") = "homework01", "homework01\homework01.csproj", "{F90DE79C-7D25-43DE-B80A-7DD8CEA32095}"
EndProject
Project("{FAE04EC0-301F-11D3-BF4B-00C04F79EFBC}") = "homework02 imdbAPI", "homework02 imdbAPI\homework02 imdbAPI.csproj", "{0038364D-3EF0-4B27-AB27-82F41D7D4828}"
EndProject
Global
	GlobalSection(SolutionConfigurationPlatforms) = preSolution
		Debug|Any CPU = Debug|Any CPU
		Release|Any CPU = Release|Any CPU
	EndGlobalSection
	GlobalSection(ProjectConfigurationPlatforms) = postSolution
		{F90DE79C-7D25-43DE-B80A-7DD8CEA32095}.Debug|Any CPU.ActiveCfg = Debug|Any CPU
		{F90DE79C-7D25-43DE-B80A-7DD8CEA32095}.Debug|Any CPU.Build.0 = Debug|Any CPU
		{F90DE79C-7D25-43DE-B80A-7DD8CEA32095}.Release|Any CPU.ActiveCfg = Release|Any CPU
		{F90DE79C-7D25-43DE-B80A-7DD8CEA32095}.Release|Any CPU.Build.0 = Release|Any CPU
		{0038364D-3EF0-4B27-AB27-82F41D7D4828}.Debug|Any CPU.ActiveCfg = Debug|Any CPU
		{0038364D-3EF0-4B27-AB27-82F41D7D4828}.Debug|Any CPU.Build.0 = Debug|Any CPU
		{0038364D-3EF0-4B27-AB27-82F41D7D4828}.Release|Any CPU.ActiveCfg = Release|Any CPU
		{0038364D-3EF0-4B27-AB27-82F41D7D4828}.Release|Any CPU.Build.0 = Release|Any CPU
	EndGlobalSection
	GlobalSection(SolutionProperties) = preSolution
		HideSolutionNode = FALSE
	EndGlobalSection
	GlobalSection(ExtensibilityGlobals) = postSolution
		SolutionGuid = {7635D16F-DBDB-4115-8577-E9824430B6FF}
	EndGlobalSection
EndGlobal
